<?xml version="1.0" encoding="utf-8"?>
<Project ToolsVersion="17.0" xmlns="http://schemas.microsoft.com/developer/msbuild/2003">
  <ItemGroup>
    <Filter Include="Source Files">
      <UniqueIdentifier>{4E1079A8-3DF5-36EC-A771-F21EDE7F9362}</UniqueIdentifier>
    </Filter>
  </ItemGroup>
  <ItemGroup>
    <None Include="shaders\point_light.frag">
      <Filter>Source Files</Filter>
    </None>
    <None Include="shaders\point_light.frag.spv">
      <Filter>Source Files</Filter>
    </None>
    <None Include="shaders\point_light.vert">
      <Filter>Source Files</Filter>
    </None>
    <None Include="shaders\point_light.vert.spv">
      <Filter>Source Files</Filter>
    </None>
    <None Include="shaders\simple_shader.frag">
      <Filter>Source Files</Filter>
    </None>
    <None Include="shaders\simple_shader.frag.spv">
      <Filter>Source Files</Filter>
    </None>
    <None Include="shaders\simple_shader.vert">
      <Filter>Source Files</Filter>
    </None>
    <None Include="shaders\simple_shader.vert.spv">
      <Filter>Source Files</Filter>
    </None>
  </ItemGroup>
</Project>